{
  "name": "srt-csv",
  "version": "1.0.0",
  "lockfileVersion": 1,
  "requires": true,
  "dependencies": {
    "deeks": {
      "version": "2.2.1",
      "resolved": "https://registry.npmjs.org/deeks/-/deeks-2.2.1.tgz",
      "integrity": "sha512-D2Qu3Fv5zBtBzXjXIUgWPRYn30d/IG6SCPOKIz42+LVTwhPeRI5+DAxdzap0vI2zYheiErIpVLwaUQBoA/iENw==",
      "requires": {
        "underscore": "1.9.1"
      }
    },
    "doc-path": {
      "version": "2.0.1",
      "resolved": "https://registry.npmjs.org/doc-path/-/doc-path-2.0.1.tgz",
      "integrity": "sha512-/CCG157H//3l513omROUzaREChY/OYpxqYXvQcv7gsrwGfjVOh5d/1gJigHJ6iTnO77pA8rMLZ63CgEPEM6+9Q=="
    },
    "json-2-csv": {
      "version": "3.5.4",
      "resolved": "https://registry.npmjs.org/json-2-csv/-/json-2-csv-3.5.4.tgz",
      "integrity": "sha512-7qrLEDvxqiPfKtVGmVK5iTy9jH6VB47VVvQjfmwjEJdibVTztjCbF/zvg28he++cIYh511cihZ11gNwz7spInw==",
      "requires": {
        "deeks": "2.2.1",
        "doc-path": "2.0.1",
        "underscore": "1.9.1"
      }
    },
    "subtitles-parser": {
      "version": "0.0.2",
      "resolved": "https://registry.npmjs.org/subtitles-parser/-/subtitles-parser-0.0.2.tgz",
      "integrity": "sha1-zy/MPjl7HH+DHhNl9rPON9MVUZQ="
    },
    "underscore": {
      "version": "1.9.1",
      "resolved": "https://registry.npmjs.org/underscore/-/underscore-1.9.1.tgz",
      "integrity": "sha512-5/4etnCkd9c8gwgowi5/om/mYO5ajCaOgdzj/oW+0eQV9WxKBDZw5+ycmKmeaTXjInS/W0BzpGLo2xR2aBwZdg=="
    }
  }
}
